
Microsoft Visual Studio Solution File, Format Version 12.00
# Visual Studio Version 17
VisualStudioVersion = 17.10.35004.147
MinimumVisualStudioVersion = 10.0.40219.1
Project("{FAE04EC0-301F-11D3-BF4B-00C04F79EFBC}") = "Dawstin - DieRoller", "Dawstin - DieRoller\Dawstin - DieRoller.csproj", "{4F86B374-1C69-4E88-81D0-23451A46F97A}"
EndProject
Global
	GlobalSection(SolutionConfigurationPlatforms) = preSolution
		Debug|Any CPU = Debug|Any CPU
		Release|Any CPU = Release|Any CPU
	EndGlobalSection
	GlobalSection(ProjectConfigurationPlatforms) = postSolution
		{4F86B374-1C69-4E88-81D0-23451A46F97A}.Debug|Any CPU.ActiveCfg = Debug|Any CPU
		{4F86B374-1C69-4E88-81D0-23451A46F97A}.Debug|Any CPU.Build.0 = Debug|Any CPU
		{4F86B374-1C69-4E88-81D0-23451A46F97A}.Release|Any CPU.ActiveCfg = Release|Any CPU
		{4F86B374-1C69-4E88-81D0-23451A46F97A}.Release|Any CPU.Build.0 = Release|Any CPU
	EndGlobalSection
	GlobalSection(SolutionProperties) = preSolution
		HideSolutionNode = FALSE
	EndGlobalSection
	GlobalSection(ExtensibilityGlobals) = postSolution
		SolutionGuid = {A27DC903-5F38-49B9-A1A1-C8DCC17DCB82}
	EndGlobalSection
EndGlobal
